
Microsoft Visual Studio Solution File, Format Version 12.00
# Visual Studio Version 16
VisualStudioVersion = 16.0.30413.136
MinimumVisualStudioVersion = 10.0.40219.1
Project("{FAE04EC0-301F-11D3-BF4B-00C04F79EFBC}") = "NumberGuessing", "NumberGuessing\NumberGuessing.csproj", "{2D883997-FBC1-4477-91C9-B653983ABE19}"
EndProject
Global
	GlobalSection(SolutionConfigurationPlatforms) = preSolution
		Debug|Any CPU = Debug|Any CPU
		Release|Any CPU = Release|Any CPU
	EndGlobalSection
	GlobalSection(ProjectConfigurationPlatforms) = postSolution
		{2D883997-FBC1-4477-91C9-B653983ABE19}.Debug|Any CPU.ActiveCfg = Debug|Any CPU
		{2D883997-FBC1-4477-91C9-B653983ABE19}.Debug|Any CPU.Build.0 = Debug|Any CPU
		{2D883997-FBC1-4477-91C9-B653983ABE19}.Release|Any CPU.ActiveCfg = Release|Any CPU
		{2D883997-FBC1-4477-91C9-B653983ABE19}.Release|Any CPU.Build.0 = Release|Any CPU
	EndGlobalSection
	GlobalSection(SolutionProperties) = preSolution
		HideSolutionNode = FALSE
	EndGlobalSection
	GlobalSection(ExtensibilityGlobals) = postSolution
		SolutionGuid = {F352AD3F-8CB1-4DA5-9F21-4DF617755ADF}
	EndGlobalSection
EndGlobal
